{
  "name": "purenode",
  "version": "1.0.0",
  "lockfileVersion": 3,
  "requires": true,
  "packages": {
    "": {
      "name": "purenode",
      "version": "1.0.0",
      "license": "MIT",
      "dependencies": {
        "levenshtein": "^1.0.5",
        "spque": "^1.1.2"
      }
    },
    "node_modules/levenshtein": {
      "version": "1.0.5",
      "resolved": "https://registry.npmjs.org/levenshtein/-/levenshtein-1.0.5.tgz",
      "integrity": "sha512-UQf1nnmxjl7O0+snDXj2YF2r74Gkya8ZpnegrUBYN9tikh2dtxV/ey8e07BO5wwo0i76yjOvbDhFHdcPEiH9aA==",
      "engines": [
        "node >=0.2.0"
      ],
      "license": "Public Domain"
    },
    "node_modules/spque": {
      "version": "1.1.2",
      "resolved": "https://registry.npmjs.org/spque/-/spque-1.1.2.tgz",
      "integrity": "sha512-UmcHnAroBgmkoddOKDsVCmzEiXk92HDxouQHhkzgSDWytforKtcNUAWxI2BMWKzEKgHePXfpSN40yX5dJ7tVAw==",
      "license": "MIT"
    }
  }
}
